
Microsoft Visual Studio Solution File, Format Version 12.00
# Visual Studio Version 17
VisualStudioVersion = 17.13.35931.197
MinimumVisualStudioVersion = 10.0.40219.1
Project("{FAE04EC0-301F-11D3-BF4B-00C04F79EFBC}") = "ForDebug2", "ForDebug2\ForDebug2.csproj", "{9FF1BF8E-3812-47D9-BFDE-A49CF0D04749}"
EndProject
Project("{FAE04EC0-301F-11D3-BF4B-00C04F79EFBC}") = "XRayJournal.BLL2", "XRayJournal.BLL2\XRayJournal.BLL2.csproj", "{00B71D7B-6293-4BD4-8998-B77264399BF1}"
EndProject
Project("{FAE04EC0-301F-11D3-BF4B-00C04F79EFBC}") = "XRayJournal.Core2", "XRayJournal.Core2\XRayJournal.Core2.csproj", "{03A41428-9CE1-4E53-BB4F-6DCA0D768E5E}"
EndProject
Project("{FAE04EC0-301F-11D3-BF4B-00C04F79EFBC}") = "XRayJournal.DAL2", "XRayJournal.DAL2\XRayJournal.DAL2.csproj", "{671AEAA1-3B4A-4495-B057-BF2B1F450D8E}"
EndProject
Project("{FAE04EC0-301F-11D3-BF4B-00C04F79EFBC}") = "XRayJournal.UI2", "XRayJournal.UI2\XRayJournal.UI2.csproj", "{6D373E93-C4B4-4FBE-8AE0-721EA040F083}"
EndProject
Global
	GlobalSection(SolutionConfigurationPlatforms) = preSolution
		Debug|Any CPU = Debug|Any CPU
		Release|Any CPU = Release|Any CPU
	EndGlobalSection
	GlobalSection(ProjectConfigurationPlatforms) = postSolution
		{9FF1BF8E-3812-47D9-BFDE-A49CF0D04749}.Debug|Any CPU.ActiveCfg = Debug|Any CPU
		{9FF1BF8E-3812-47D9-BFDE-A49CF0D04749}.Debug|Any CPU.Build.0 = Debug|Any CPU
		{9FF1BF8E-3812-47D9-BFDE-A49CF0D04749}.Release|Any CPU.ActiveCfg = Release|Any CPU
		{9FF1BF8E-3812-47D9-BFDE-A49CF0D04749}.Release|Any CPU.Build.0 = Release|Any CPU
		{00B71D7B-6293-4BD4-8998-B77264399BF1}.Debug|Any CPU.ActiveCfg = Debug|Any CPU
		{00B71D7B-6293-4BD4-8998-B77264399BF1}.Debug|Any CPU.Build.0 = Debug|Any CPU
		{00B71D7B-6293-4BD4-8998-B77264399BF1}.Release|Any CPU.ActiveCfg = Release|Any CPU
		{00B71D7B-6293-4BD4-8998-B77264399BF1}.Release|Any CPU.Build.0 = Release|Any CPU
		{03A41428-9CE1-4E53-BB4F-6DCA0D768E5E}.Debug|Any CPU.ActiveCfg = Debug|Any CPU
		{03A41428-9CE1-4E53-BB4F-6DCA0D768E5E}.Debug|Any CPU.Build.0 = Debug|Any CPU
		{03A41428-9CE1-4E53-BB4F-6DCA0D768E5E}.Release|Any CPU.ActiveCfg = Release|Any CPU
		{03A41428-9CE1-4E53-BB4F-6DCA0D768E5E}.Release|Any CPU.Build.0 = Release|Any CPU
		{671AEAA1-3B4A-4495-B057-BF2B1F450D8E}.Debug|Any CPU.ActiveCfg = Debug|Any CPU
		{671AEAA1-3B4A-4495-B057-BF2B1F450D8E}.Debug|Any CPU.Build.0 = Debug|Any CPU
		{671AEAA1-3B4A-4495-B057-BF2B1F450D8E}.Release|Any CPU.ActiveCfg = Release|Any CPU
		{671AEAA1-3B4A-4495-B057-BF2B1F450D8E}.Release|Any CPU.Build.0 = Release|Any CPU
		{6D373E93-C4B4-4FBE-8AE0-721EA040F083}.Debug|Any CPU.ActiveCfg = Debug|Any CPU
		{6D373E93-C4B4-4FBE-8AE0-721EA040F083}.Debug|Any CPU.Build.0 = Debug|Any CPU
		{6D373E93-C4B4-4FBE-8AE0-721EA040F083}.Release|Any CPU.ActiveCfg = Release|Any CPU
		{6D373E93-C4B4-4FBE-8AE0-721EA040F083}.Release|Any CPU.Build.0 = Release|Any CPU
	EndGlobalSection
	GlobalSection(SolutionProperties) = preSolution
		HideSolutionNode = FALSE
	EndGlobalSection
	GlobalSection(ExtensibilityGlobals) = postSolution
		SolutionGuid = {4BA1D022-242D-435D-89C1-67A783C4E517}
	EndGlobalSection
EndGlobal
