
Microsoft Visual Studio Solution File, Format Version 12.00
# Visual Studio Version 17
VisualStudioVersion = 17.13.35931.197 d17.13
MinimumVisualStudioVersion = 10.0.40219.1
Project("{FAE04EC0-301F-11D3-BF4B-00C04F79EFBC}") = "XRayJournal.DAL", "XRayJournal.DAL\XRayJournal.DAL.csproj", "{BD65C43E-1FA6-4750-85F3-AB31669EB4F7}"
EndProject
Project("{FAE04EC0-301F-11D3-BF4B-00C04F79EFBC}") = "XRayJournal.BLL", "XRayJournal.BLL\XRayJournal.BLL.csproj", "{72A158B5-6E54-4141-AF95-1F8D434AD000}"
	ProjectSection(ProjectDependencies) = postProject
		{3EDDA0FF-6C27-4885-9CFC-E61B0C8FC09F} = {3EDDA0FF-6C27-4885-9CFC-E61B0C8FC09F}
		{BD65C43E-1FA6-4750-85F3-AB31669EB4F7} = {BD65C43E-1FA6-4750-85F3-AB31669EB4F7}
	EndProjectSection
EndProject
Project("{FAE04EC0-301F-11D3-BF4B-00C04F79EFBC}") = "XRayJournal.UI", "XRayJournal.UI\XRayJournal.UI.csproj", "{96CF103D-BE97-41A4-9364-CCB1DC533C48}"
	ProjectSection(ProjectDependencies) = postProject
		{3EDDA0FF-6C27-4885-9CFC-E61B0C8FC09F} = {3EDDA0FF-6C27-4885-9CFC-E61B0C8FC09F}
		{72A158B5-6E54-4141-AF95-1F8D434AD000} = {72A158B5-6E54-4141-AF95-1F8D434AD000}
	EndProjectSection
EndProject
Project("{FAE04EC0-301F-11D3-BF4B-00C04F79EFBC}") = "XRayJournal.Core", "XRayJournal.Core\XRayJournal.Core.csproj", "{3EDDA0FF-6C27-4885-9CFC-E61B0C8FC09F}"
EndProject
Project("{FAE04EC0-301F-11D3-BF4B-00C04F79EFBC}") = "ForDebug", "ForDebug\ForDebug.csproj", "{CCA2AFE9-930C-454D-B851-D5FB2A169852}"
	ProjectSection(ProjectDependencies) = postProject
		{3EDDA0FF-6C27-4885-9CFC-E61B0C8FC09F} = {3EDDA0FF-6C27-4885-9CFC-E61B0C8FC09F}
		{72A158B5-6E54-4141-AF95-1F8D434AD000} = {72A158B5-6E54-4141-AF95-1F8D434AD000}
		{96CF103D-BE97-41A4-9364-CCB1DC533C48} = {96CF103D-BE97-41A4-9364-CCB1DC533C48}
		{BD65C43E-1FA6-4750-85F3-AB31669EB4F7} = {BD65C43E-1FA6-4750-85F3-AB31669EB4F7}
	EndProjectSection
EndProject
Global
	GlobalSection(SolutionConfigurationPlatforms) = preSolution
		Debug|Any CPU = Debug|Any CPU
		Release|Any CPU = Release|Any CPU
	EndGlobalSection
	GlobalSection(ProjectConfigurationPlatforms) = postSolution
		{BD65C43E-1FA6-4750-85F3-AB31669EB4F7}.Debug|Any CPU.ActiveCfg = Debug|Any CPU
		{BD65C43E-1FA6-4750-85F3-AB31669EB4F7}.Debug|Any CPU.Build.0 = Debug|Any CPU
		{BD65C43E-1FA6-4750-85F3-AB31669EB4F7}.Release|Any CPU.ActiveCfg = Release|Any CPU
		{BD65C43E-1FA6-4750-85F3-AB31669EB4F7}.Release|Any CPU.Build.0 = Release|Any CPU
		{72A158B5-6E54-4141-AF95-1F8D434AD000}.Debug|Any CPU.ActiveCfg = Debug|Any CPU
		{72A158B5-6E54-4141-AF95-1F8D434AD000}.Debug|Any CPU.Build.0 = Debug|Any CPU
		{72A158B5-6E54-4141-AF95-1F8D434AD000}.Release|Any CPU.ActiveCfg = Release|Any CPU
		{72A158B5-6E54-4141-AF95-1F8D434AD000}.Release|Any CPU.Build.0 = Release|Any CPU
		{96CF103D-BE97-41A4-9364-CCB1DC533C48}.Debug|Any CPU.ActiveCfg = Debug|Any CPU
		{96CF103D-BE97-41A4-9364-CCB1DC533C48}.Debug|Any CPU.Build.0 = Debug|Any CPU
		{96CF103D-BE97-41A4-9364-CCB1DC533C48}.Release|Any CPU.ActiveCfg = Release|Any CPU
		{96CF103D-BE97-41A4-9364-CCB1DC533C48}.Release|Any CPU.Build.0 = Release|Any CPU
		{3EDDA0FF-6C27-4885-9CFC-E61B0C8FC09F}.Debug|Any CPU.ActiveCfg = Debug|Any CPU
		{3EDDA0FF-6C27-4885-9CFC-E61B0C8FC09F}.Debug|Any CPU.Build.0 = Debug|Any CPU
		{3EDDA0FF-6C27-4885-9CFC-E61B0C8FC09F}.Release|Any CPU.ActiveCfg = Release|Any CPU
		{3EDDA0FF-6C27-4885-9CFC-E61B0C8FC09F}.Release|Any CPU.Build.0 = Release|Any CPU
		{CCA2AFE9-930C-454D-B851-D5FB2A169852}.Debug|Any CPU.ActiveCfg = Debug|Any CPU
		{CCA2AFE9-930C-454D-B851-D5FB2A169852}.Debug|Any CPU.Build.0 = Debug|Any CPU
		{CCA2AFE9-930C-454D-B851-D5FB2A169852}.Release|Any CPU.ActiveCfg = Release|Any CPU
		{CCA2AFE9-930C-454D-B851-D5FB2A169852}.Release|Any CPU.Build.0 = Release|Any CPU
	EndGlobalSection
	GlobalSection(SolutionProperties) = preSolution
		HideSolutionNode = FALSE
	EndGlobalSection
	GlobalSection(ExtensibilityGlobals) = postSolution
		SolutionGuid = {4BA1D022-242D-435D-89C1-67A783C4E517}
	EndGlobalSection
EndGlobal
